<?xml version="1.0" encoding="UTF-8" standalone="yes" ?>
<CodeBlocks_project_file>
	<FileVersion major="1" minor="6" />
	<Project>
		<Option title="3R-Ar" />
		<Option pch_mode="2" />
		<Option compiler="gcc" />
		<Build>
			<Target title="Debug">
				<Option output="bin/Debug/3R-Ar" prefix_auto="1" extension_auto="1" />
				<Option object_output="obj/Debug/" />
				<Option type="1" />
				<Option compiler="gcc" />
				<Compiler>
					<Add option="-g" />
					<Add directory="SFML-2.3.2/include" />
					<Add directory="include" />
				</Compiler>
				<Linker>
					<Add library="sfml-graphics-d" />
					<Add library="sfml-window-d" />
					<Add library="sfml-system-d" />
					<Add library="sfml-audio-d" />
					<Add library="sfml-main-d" />
					<Add directory="SFML-2.3.2/lib" />
				</Linker>
			</Target>
			<Target title="Release">
				<Option output="bin/Release/3R-Ar" prefix_auto="1" extension_auto="1" />
				<Option object_output="obj/Release/" />
				<Option type="0" />
				<Option compiler="gcc" />
				<Compiler>
					<Add option="-O2" />
					<Add directory="SFML-2.3.2/include" />
					<Add directory="include" />
				</Compiler>
				<Linker>
					<Add option="-s" />
					<Add library="sfml-graphics" />
					<Add library="sfml-window" />
					<Add library="sfml-system" />
					<Add library="sfml-audio" />
					<Add library="sfml-main" />
					<Add directory="SFML-2.3.2/lib" />
				</Linker>
			</Target>
		</Build>
		<Compiler>
			<Add option="-Wall" />
			<Add option="-fexceptions" />
			<Add directory="SFML-2.3.2/include" />
		</Compiler>
		<Linker>
			<Add library="sfml-graphics" />
			<Add library="sfml-window" />
			<Add library="sfml-system" />
			<Add library="sfml-audio" />
			<Add library="sfml-main" />
			<Add directory="SFML-2.3.2/lib" />
		</Linker>
		<Unit filename="include/Entidade.h" />
		<Unit filename="include/Foguete.h" />
		<Unit filename="include/GUI.h" />
		<Unit filename="include/JogoAr.h" />
		<Unit filename="include/Menu.h" />
		<Unit filename="include/Mundo.h" />
		<Unit filename="include/NodeCena.h" />
		<Unit filename="include/Skills.h" />
		<Unit filename="include/SkillsNode.h" />
		<Unit filename="include/SpriteNode.h" />
		<Unit filename="include/button.h" />
		<Unit filename="include/toString.h" />
		<Unit filename="main.cpp" />
		<Unit filename="resource.rc">
			<Option compilerVar="WINDRES" />
		</Unit>
		<Unit filename="src/Button.cpp" />
		<Unit filename="src/Entidade.cpp" />
		<Unit filename="src/Foguete.cpp" />
		<Unit filename="src/GUI.cpp" />
		<Unit filename="src/JogoAr.cpp" />
		<Unit filename="src/Menu.cpp" />
		<Unit filename="src/Mundo.cpp" />
		<Unit filename="src/NodeCena.cpp" />
		<Unit filename="src/Skills.cpp" />
		<Unit filename="src/SkillsNode.cpp" />
		<Unit filename="src/SpriteNode.cpp" />
		<Unit filename="src/toString.cpp" />
		<Extensions>
			<code_completion />
			<envvars />
			<debugger />
			<lib_finder disable_auto="1" />
		</Extensions>
	</Project>
</CodeBlocks_project_file>
